
Microsoft Visual Studio Solution File, Format Version 12.00
# Visual Studio Version 16
VisualStudioVersion = 16.0.30717.126
MinimumVisualStudioVersion = 10.0.40219.1
Project("{FAE04EC0-301F-11D3-BF4B-00C04F79EFBC}") = "PrototypePattern", "PrototypePattern\PrototypePattern.csproj", "{A0B0BF32-9EEB-43F1-A5E2-264E01D05456}"
EndProject
Global
	GlobalSection(SolutionConfigurationPlatforms) = preSolution
		Debug|Any CPU = Debug|Any CPU
		Release|Any CPU = Release|Any CPU
	EndGlobalSection
	GlobalSection(ProjectConfigurationPlatforms) = postSolution
		{A0B0BF32-9EEB-43F1-A5E2-264E01D05456}.Debug|Any CPU.ActiveCfg = Debug|Any CPU
		{A0B0BF32-9EEB-43F1-A5E2-264E01D05456}.Debug|Any CPU.Build.0 = Debug|Any CPU
		{A0B0BF32-9EEB-43F1-A5E2-264E01D05456}.Release|Any CPU.ActiveCfg = Release|Any CPU
		{A0B0BF32-9EEB-43F1-A5E2-264E01D05456}.Release|Any CPU.Build.0 = Release|Any CPU
	EndGlobalSection
	GlobalSection(SolutionProperties) = preSolution
		HideSolutionNode = FALSE
	EndGlobalSection
	GlobalSection(ExtensibilityGlobals) = postSolution
		SolutionGuid = {8A516130-8D20-4CC8-BB59-FD40E33153E8}
	EndGlobalSection
EndGlobal
